
Microsoft Visual Studio Solution File, Format Version 12.00
# Visual Studio Version 16
VisualStudioVersion = 16.0.30804.86
MinimumVisualStudioVersion = 10.0.40219.1
Project("{FAE04EC0-301F-11D3-BF4B-00C04F79EFBC}") = "Triggered", "Triggered\Triggered.csproj", "{17349CA9-E94C-4E62-8E1F-0830310DC66C}"
EndProject
Global
	GlobalSection(SolutionConfigurationPlatforms) = preSolution
		Debug|Any CPU = Debug|Any CPU
		Release|Any CPU = Release|Any CPU
	EndGlobalSection
	GlobalSection(ProjectConfigurationPlatforms) = postSolution
		{17349CA9-E94C-4E62-8E1F-0830310DC66C}.Debug|Any CPU.ActiveCfg = Debug|Any CPU
		{17349CA9-E94C-4E62-8E1F-0830310DC66C}.Debug|Any CPU.Build.0 = Debug|Any CPU
		{17349CA9-E94C-4E62-8E1F-0830310DC66C}.Release|Any CPU.ActiveCfg = Release|Any CPU
		{17349CA9-E94C-4E62-8E1F-0830310DC66C}.Release|Any CPU.Build.0 = Release|Any CPU
	EndGlobalSection
	GlobalSection(SolutionProperties) = preSolution
		HideSolutionNode = FALSE
	EndGlobalSection
	GlobalSection(ExtensibilityGlobals) = postSolution
		SolutionGuid = {60D43BF1-F911-4B4D-A502-91A4C7C52086}
	EndGlobalSection
EndGlobal
